
Microsoft Visual Studio Solution File, Format Version 12.00
# Visual Studio Version 17
VisualStudioVersion = 17.4.33122.133
MinimumVisualStudioVersion = 10.0.40219.1
Project("{FAE04EC0-301F-11D3-BF4B-00C04F79EFBC}") = "Project1", "Project1.csproj", "{FABA42A8-0FFF-4679-882C-C5C5931D6CF2}"
EndProject
Global
	GlobalSection(SolutionConfigurationPlatforms) = preSolution
		Debug|Any CPU = Debug|Any CPU
		Release|Any CPU = Release|Any CPU
	EndGlobalSection
	GlobalSection(ProjectConfigurationPlatforms) = postSolution
		{FABA42A8-0FFF-4679-882C-C5C5931D6CF2}.Debug|Any CPU.ActiveCfg = Debug|Any CPU
		{FABA42A8-0FFF-4679-882C-C5C5931D6CF2}.Debug|Any CPU.Build.0 = Debug|Any CPU
		{FABA42A8-0FFF-4679-882C-C5C5931D6CF2}.Release|Any CPU.ActiveCfg = Release|Any CPU
		{FABA42A8-0FFF-4679-882C-C5C5931D6CF2}.Release|Any CPU.Build.0 = Release|Any CPU
	EndGlobalSection
	GlobalSection(SolutionProperties) = preSolution
		HideSolutionNode = FALSE
	EndGlobalSection
	GlobalSection(ExtensibilityGlobals) = postSolution
		SolutionGuid = {3D37065C-E29E-4345-A233-856CD7424354}
	EndGlobalSection
EndGlobal
