
Microsoft Visual Studio Solution File, Format Version 12.00
# Visual Studio Version 17
VisualStudioVersion = 17.4.33122.133
MinimumVisualStudioVersion = 10.0.40219.1
Project("{FAE04EC0-301F-11D3-BF4B-00C04F79EFBC}") = "Visual_nimotsh", "Visual_nimotsh.csproj", "{B97451D1-A697-453E-9B84-BA7FF4600003}"
EndProject
Global
	GlobalSection(SolutionConfigurationPlatforms) = preSolution
		Debug|Any CPU = Debug|Any CPU
		Release|Any CPU = Release|Any CPU
	EndGlobalSection
	GlobalSection(ProjectConfigurationPlatforms) = postSolution
		{B97451D1-A697-453E-9B84-BA7FF4600003}.Debug|Any CPU.ActiveCfg = Debug|Any CPU
		{B97451D1-A697-453E-9B84-BA7FF4600003}.Debug|Any CPU.Build.0 = Debug|Any CPU
		{B97451D1-A697-453E-9B84-BA7FF4600003}.Release|Any CPU.ActiveCfg = Release|Any CPU
		{B97451D1-A697-453E-9B84-BA7FF4600003}.Release|Any CPU.Build.0 = Release|Any CPU
	EndGlobalSection
	GlobalSection(SolutionProperties) = preSolution
		HideSolutionNode = FALSE
	EndGlobalSection
	GlobalSection(ExtensibilityGlobals) = postSolution
		SolutionGuid = {933B28E5-11B8-4B15-94B7-ABBE6C614FE4}
	EndGlobalSection
EndGlobal
