
Microsoft Visual Studio Solution File, Format Version 12.00
# Visual Studio Version 17
VisualStudioVersion = 17.9.34714.143
MinimumVisualStudioVersion = 10.0.40219.1
Project("{8BC9CEB8-8B4A-11D0-8D11-00A0C91BC942}") = "SHA256Debug", "SHA256Debug.vcxproj", "{C1CB5F1A-DDDA-49F0-9B6B-CE969FBFD43B}"
EndProject
Global
	GlobalSection(SolutionConfigurationPlatforms) = preSolution
		Debug|x64 = Debug|x64
		Debug|x86 = Debug|x86
		Release|x64 = Release|x64
		Release|x86 = Release|x86
	EndGlobalSection
	GlobalSection(ProjectConfigurationPlatforms) = postSolution
		{C1CB5F1A-DDDA-49F0-9B6B-CE969FBFD43B}.Debug|x64.ActiveCfg = Debug|x64
		{C1CB5F1A-DDDA-49F0-9B6B-CE969FBFD43B}.Debug|x64.Build.0 = Debug|x64
		{C1CB5F1A-DDDA-49F0-9B6B-CE969FBFD43B}.Debug|x86.ActiveCfg = Debug|Win32
		{C1CB5F1A-DDDA-49F0-9B6B-CE969FBFD43B}.Debug|x86.Build.0 = Debug|Win32
		{C1CB5F1A-DDDA-49F0-9B6B-CE969FBFD43B}.Release|x64.ActiveCfg = Release|x64
		{C1CB5F1A-DDDA-49F0-9B6B-CE969FBFD43B}.Release|x64.Build.0 = Release|x64
		{C1CB5F1A-DDDA-49F0-9B6B-CE969FBFD43B}.Release|x86.ActiveCfg = Release|Win32
		{C1CB5F1A-DDDA-49F0-9B6B-CE969FBFD43B}.Release|x86.Build.0 = Release|Win32
	EndGlobalSection
	GlobalSection(SolutionProperties) = preSolution
		HideSolutionNode = FALSE
	EndGlobalSection
	GlobalSection(ExtensibilityGlobals) = postSolution
		SolutionGuid = {183E6A74-A6DB-459C-B551-C3165D5E91D4}
	EndGlobalSection
EndGlobal
